
Microsoft Visual Studio Solution File, Format Version 12.00
# Visual Studio Version 17
VisualStudioVersion = 17.5.33424.131
MinimumVisualStudioVersion = 10.0.40219.1
Project("{9A19103F-16F7-4668-BE54-9A1E7A4F7556}") = "MariaDbFluentMigrationService", "MariaDbFluentMigrationService.csproj", "{3FDAF9D7-BB4B-4DE0-9EBF-D2A03EC21547}"
EndProject
Project("{9A19103F-16F7-4668-BE54-9A1E7A4F7556}") = "MigrationScripts", "MigrationScripts\MigrationScripts.csproj", "{4663991D-B82E-439F-84FB-5B4DFB51DD73}"
EndProject
Project("{E53339B2-1760-4266-BCC7-CA923CBCF16C}") = "docker-compose", "docker-compose.dcproj", "{204A3E16-1352-4BC4-8744-41A7BBCBC507}"
EndProject
Global
	GlobalSection(SolutionConfigurationPlatforms) = preSolution
		Debug|Any CPU = Debug|Any CPU
		Release|Any CPU = Release|Any CPU
	EndGlobalSection
	GlobalSection(ProjectConfigurationPlatforms) = postSolution
		{3FDAF9D7-BB4B-4DE0-9EBF-D2A03EC21547}.Debug|Any CPU.ActiveCfg = Debug|Any CPU
		{3FDAF9D7-BB4B-4DE0-9EBF-D2A03EC21547}.Debug|Any CPU.Build.0 = Debug|Any CPU
		{3FDAF9D7-BB4B-4DE0-9EBF-D2A03EC21547}.Release|Any CPU.ActiveCfg = Release|Any CPU
		{3FDAF9D7-BB4B-4DE0-9EBF-D2A03EC21547}.Release|Any CPU.Build.0 = Release|Any CPU
		{4663991D-B82E-439F-84FB-5B4DFB51DD73}.Debug|Any CPU.ActiveCfg = Debug|Any CPU
		{4663991D-B82E-439F-84FB-5B4DFB51DD73}.Debug|Any CPU.Build.0 = Debug|Any CPU
		{4663991D-B82E-439F-84FB-5B4DFB51DD73}.Release|Any CPU.ActiveCfg = Release|Any CPU
		{4663991D-B82E-439F-84FB-5B4DFB51DD73}.Release|Any CPU.Build.0 = Release|Any CPU
		{204A3E16-1352-4BC4-8744-41A7BBCBC507}.Debug|Any CPU.ActiveCfg = Debug|Any CPU
		{204A3E16-1352-4BC4-8744-41A7BBCBC507}.Debug|Any CPU.Build.0 = Debug|Any CPU
		{204A3E16-1352-4BC4-8744-41A7BBCBC507}.Release|Any CPU.ActiveCfg = Release|Any CPU
		{204A3E16-1352-4BC4-8744-41A7BBCBC507}.Release|Any CPU.Build.0 = Release|Any CPU
	EndGlobalSection
	GlobalSection(SolutionProperties) = preSolution
		HideSolutionNode = FALSE
	EndGlobalSection
	GlobalSection(ExtensibilityGlobals) = postSolution
		SolutionGuid = {4D1CEA60-8627-485C-AFC1-8D2238CF38F8}
	EndGlobalSection
EndGlobal
